
Microsoft Visual Studio Solution File, Format Version 12.00
# Visual Studio Version 17
VisualStudioVersion = 17.9.34622.214
MinimumVisualStudioVersion = 10.0.40219.1
Project("{8BC9CEB8-8B4A-11D0-8D11-00A0C91BC942}") = "educonnect-desktop-app", "educonnect-desktop-app.vcxproj", "{C3C1B704-4C81-499B-8DE4-B573ADE850F0}"
EndProject
Project("{8BC9CEB8-8B4A-11D0-8D11-00A0C91BC942}") = "educonnect-test", "educonnect-test\educonnect-test.vcxproj", "{4BDF1846-A3F3-4EDB-9B89-B043BCB6B167}"
EndProject
Global
	GlobalSection(SolutionConfigurationPlatforms) = preSolution
		Debug|x64 = Debug|x64
		Debug|x86 = Debug|x86
		EduConnect|x64 = EduConnect|x64
		EduConnect|x86 = EduConnect|x86
		Release|x64 = Release|x64
		Release|x86 = Release|x86
	EndGlobalSection
	GlobalSection(ProjectConfigurationPlatforms) = postSolution
		{C3C1B704-4C81-499B-8DE4-B573ADE850F0}.Debug|x64.ActiveCfg = Debug|x64
		{C3C1B704-4C81-499B-8DE4-B573ADE850F0}.Debug|x64.Build.0 = Debug|x64
		{C3C1B704-4C81-499B-8DE4-B573ADE850F0}.Debug|x86.ActiveCfg = Debug|Win32
		{C3C1B704-4C81-499B-8DE4-B573ADE850F0}.Debug|x86.Build.0 = Debug|Win32
		{C3C1B704-4C81-499B-8DE4-B573ADE850F0}.EduConnect|x64.ActiveCfg = Debug|x64
		{C3C1B704-4C81-499B-8DE4-B573ADE850F0}.EduConnect|x64.Build.0 = Debug|x64
		{C3C1B704-4C81-499B-8DE4-B573ADE850F0}.EduConnect|x86.ActiveCfg = EduConnect|Win32
		{C3C1B704-4C81-499B-8DE4-B573ADE850F0}.EduConnect|x86.Build.0 = EduConnect|Win32
		{C3C1B704-4C81-499B-8DE4-B573ADE850F0}.Release|x64.ActiveCfg = Release|x64
		{C3C1B704-4C81-499B-8DE4-B573ADE850F0}.Release|x64.Build.0 = Release|x64
		{C3C1B704-4C81-499B-8DE4-B573ADE850F0}.Release|x86.ActiveCfg = Release|Win32
		{C3C1B704-4C81-499B-8DE4-B573ADE850F0}.Release|x86.Build.0 = Release|Win32
		{4BDF1846-A3F3-4EDB-9B89-B043BCB6B167}.Debug|x64.ActiveCfg = Debug|x64
		{4BDF1846-A3F3-4EDB-9B89-B043BCB6B167}.Debug|x64.Build.0 = Debug|x64
		{4BDF1846-A3F3-4EDB-9B89-B043BCB6B167}.Debug|x86.ActiveCfg = Debug|Win32
		{4BDF1846-A3F3-4EDB-9B89-B043BCB6B167}.Debug|x86.Build.0 = Debug|Win32
		{4BDF1846-A3F3-4EDB-9B89-B043BCB6B167}.EduConnect|x64.ActiveCfg = Debug|x64
		{4BDF1846-A3F3-4EDB-9B89-B043BCB6B167}.EduConnect|x64.Build.0 = Debug|x64
		{4BDF1846-A3F3-4EDB-9B89-B043BCB6B167}.EduConnect|x86.ActiveCfg = Debug|Win32
		{4BDF1846-A3F3-4EDB-9B89-B043BCB6B167}.EduConnect|x86.Build.0 = Debug|Win32
		{4BDF1846-A3F3-4EDB-9B89-B043BCB6B167}.Release|x64.ActiveCfg = Release|x64
		{4BDF1846-A3F3-4EDB-9B89-B043BCB6B167}.Release|x64.Build.0 = Release|x64
		{4BDF1846-A3F3-4EDB-9B89-B043BCB6B167}.Release|x86.ActiveCfg = Release|Win32
		{4BDF1846-A3F3-4EDB-9B89-B043BCB6B167}.Release|x86.Build.0 = Release|Win32
	EndGlobalSection
	GlobalSection(SolutionProperties) = preSolution
		HideSolutionNode = FALSE
	EndGlobalSection
	GlobalSection(ExtensibilityGlobals) = postSolution
		SolutionGuid = {C8943A21-1C00-4655-90DE-08CEDDC1A331}
	EndGlobalSection
EndGlobal
