<?xml version="1.0" encoding="utf-8"?>
<Project ToolsVersion="4.0" xmlns="http://schemas.microsoft.com/developer/msbuild/2003">
  <ItemGroup>
    <Filter Include="Source Files">
      <UniqueIdentifier>{4FC737F1-C7A5-4376-A066-2A32D752A2FF}</UniqueIdentifier>
      <Extensions>cpp;c;cc;cxx;c++;cppm;ixx;def;odl;idl;hpj;bat;asm;asmx</Extensions>
    </Filter>
    <Filter Include="Header Files">
      <UniqueIdentifier>{93995380-89BD-4b04-88EB-625FBE52EBFB}</UniqueIdentifier>
      <Extensions>h;hh;hpp;hxx;h++;hm;inl;inc;ipp;xsd</Extensions>
    </Filter>
    <Filter Include="Resource Files">
      <UniqueIdentifier>{67DA6AB6-F800-4c08-8B7A-83BB121AAD01}</UniqueIdentifier>
      <Extensions>rc;ico;cur;bmp;dlg;rc2;rct;bin;rgs;gif;jpg;jpeg;jpe;resx;tiff;tif;png;wav;mfcribbon-ms</Extensions>
    </Filter>
    <Filter Include="Source Files\ui">
      <UniqueIdentifier>{ede69e98-c714-40eb-aef3-a15a4591acfe}</UniqueIdentifier>
    </Filter>
    <Filter Include="Source Files\services">
      <UniqueIdentifier>{1a265cb7-530a-4a84-8e99-906a1cfa62ca}</UniqueIdentifier>
    </Filter>
    <Filter Include="Source Files\repositories">
      <UniqueIdentifier>{04d4b022-07ad-4a87-85d0-874702126412}</UniqueIdentifier>
    </Filter>
    <Filter Include="Source Files\entities">
      <UniqueIdentifier>{201312f1-b2f5-46a8-ab13-272c87d2db2c}</UniqueIdentifier>
    </Filter>
    <Filter Include="Source Files\utils">
      <UniqueIdentifier>{be062f98-4aa1-41b5-9bfa-473ff60a5f49}</UniqueIdentifier>
    </Filter>
  </ItemGroup>
  <ItemGroup>
    <ResourceCompile Include="app.rc">
      <Filter>Resource Files</Filter>
    </ResourceCompile>
  </ItemGroup>
  <ItemGroup>
    <ClInclude Include="Resource.h">
      <Filter>Header Files</Filter>
    </ClInclude>
    <ClInclude Include="pch.h">
      <Filter>Header Files</Filter>
    </ClInclude>
    <ClInclude Include="MainPage.h">
      <Filter>Header Files</Filter>
    </ClInclude>
    <ClInclude Include="MyForm.h">
      <Filter>Header Files</Filter>
    </ClInclude>
    <ClInclude Include="Professor.h">
      <Filter>Source Files\entities</Filter>
    </ClInclude>
    <ClInclude Include="ProfessorRepository.h">
      <Filter>Source Files\repositories</Filter>
    </ClInclude>
    <ClInclude Include="ProfessorService.h">
      <Filter>Source Files\services</Filter>
    </ClInclude>
    <ClInclude Include="InformacioPersonal_ConsultaUI.h">
      <Filter>Header Files</Filter>
    </ClInclude>
    <ClInclude Include="Usuari.h">
      <Filter>Source Files\entities</Filter>
    </ClInclude>
    <ClInclude Include="InformacioPersonalService.h">
      <Filter>Source Files\services</Filter>
    </ClInclude>
    <ClInclude Include="InformacioPersonalRepository.h">
      <Filter>Source Files\repositories</Filter>
    </ClInclude>
    <ClInclude Include="InformacioPersonal_ModificaUI.h">
      <Filter>Header Files</Filter>
    </ClInclude>
  </ItemGroup>
  <ItemGroup>
    <ClCompile Include="CppCLR_WinFormsProject.cpp">
      <Filter>Source Files</Filter>
    </ClCompile>
    <ClCompile Include="AssemblyInfo.cpp">
      <Filter>Source Files</Filter>
    </ClCompile>
    <ClCompile Include="pch.cpp">
      <Filter>Source Files</Filter>
    </ClCompile>
    <ClCompile Include="MainPage.cpp">
      <Filter>Source Files\ui</Filter>
    </ClCompile>
    <ClCompile Include="Professor.cpp">
      <Filter>Source Files\entities</Filter>
    </ClCompile>
    <ClCompile Include="ProfessorRepository.cpp">
      <Filter>Source Files\repositories</Filter>
    </ClCompile>
    <ClCompile Include="ProfessorService.cpp">
      <Filter>Source Files\services</Filter>
    </ClCompile>
    <ClCompile Include="MyForm.cpp">
      <Filter>Source Files\ui</Filter>
    </ClCompile>
    <ClCompile Include="InformacioPersonal_ConsultaUI.cpp">
      <Filter>Source Files\ui</Filter>
    </ClCompile>
    <ClCompile Include="Usuari.cpp">
      <Filter>Source Files\entities</Filter>
    </ClCompile>
    <ClCompile Include="InformacioPersonalService.cpp">
      <Filter>Source Files\services</Filter>
    </ClCompile>
    <ClCompile Include="InformacioPersonalRepository.cpp">
      <Filter>Source Files\repositories</Filter>
    </ClCompile>
    <ClCompile Include="InformacioPersonal_ModificaUI.cpp">
      <Filter>Source Files\ui</Filter>
    </ClCompile>
  </ItemGroup>
  <ItemGroup>
    <Image Include="app.ico">
      <Filter>Resource Files</Filter>
    </Image>
  </ItemGroup>
  <ItemGroup>
    <EmbeddedResource Include="MyForm.resx">
      <Filter>Header Files</Filter>
    </EmbeddedResource>
  </ItemGroup>
</Project>